
Microsoft Visual Studio Solution File, Format Version 12.00
# Visual Studio Version 17
VisualStudioVersion = 17.8.34330.188
MinimumVisualStudioVersion = 10.0.40219.1
Project("{FAE04EC0-301F-11D3-BF4B-00C04F79EFBC}") = "ImprovedExceptionHandeling", "ImprovedExceptionHandeling\ImprovedExceptionHandeling.csproj", "{A8A366E3-ADC9-4A2D-BC33-2CC1C285329B}"
EndProject
Global
	GlobalSection(SolutionConfigurationPlatforms) = preSolution
		Debug|Any CPU = Debug|Any CPU
		Release|Any CPU = Release|Any CPU
	EndGlobalSection
	GlobalSection(ProjectConfigurationPlatforms) = postSolution
		{A8A366E3-ADC9-4A2D-BC33-2CC1C285329B}.Debug|Any CPU.ActiveCfg = Debug|Any CPU
		{A8A366E3-ADC9-4A2D-BC33-2CC1C285329B}.Debug|Any CPU.Build.0 = Debug|Any CPU
		{A8A366E3-ADC9-4A2D-BC33-2CC1C285329B}.Release|Any CPU.ActiveCfg = Release|Any CPU
		{A8A366E3-ADC9-4A2D-BC33-2CC1C285329B}.Release|Any CPU.Build.0 = Release|Any CPU
	EndGlobalSection
	GlobalSection(SolutionProperties) = preSolution
		HideSolutionNode = FALSE
	EndGlobalSection
	GlobalSection(ExtensibilityGlobals) = postSolution
		SolutionGuid = {366D96D6-7ABD-4F58-8DC8-CE00198AB9FC}
	EndGlobalSection
EndGlobal
